
Microsoft Visual Studio Solution File, Format Version 12.00
# Visual Studio 14
VisualStudioVersion = 14.0.25123.0
MinimumVisualStudioVersion = 10.0.40219.1
Project("{FAE04EC0-301F-11D3-BF4B-00C04F79EFBC}") = "DBServerProviders", "DBServerProviders\DBServerProviders.csproj", "{B05F6B85-C7C7-4FDA-8357-F9F92BC4E0A4}"
EndProject
Project("{FAE04EC0-301F-11D3-BF4B-00C04F79EFBC}") = "SQL", "SQLScriptCreator\SQL.csproj", "{093E95CE-A157-460C-A23C-66DA785F43C9}"
EndProject
Project("{FAE04EC0-301F-11D3-BF4B-00C04F79EFBC}") = "DBContext", "DBContext\DBContext.csproj", "{4A6AF4EC-CF42-48DD-8A64-7706496AAB47}"
EndProject
Project("{FAE04EC0-301F-11D3-BF4B-00C04F79EFBC}") = "DBOperator", "DBOperator\DBOperator.csproj", "{A701FAAC-54CD-40EE-AEDA-46C17A2FD462}"
EndProject
Project("{FAE04EC0-301F-11D3-BF4B-00C04F79EFBC}") = "Mapping", "Mapping\Mapping.csproj", "{90D67FE8-537B-4C1D-AF69-8285595E5BAC}"
EndProject
Project("{FAE04EC0-301F-11D3-BF4B-00C04F79EFBC}") = "Test", "Test\Test.csproj", "{656EB215-F52A-4182-B026-768856B9506A}"
EndProject
Project("{FAE04EC0-301F-11D3-BF4B-00C04F79EFBC}") = "ModelQuery", "ModelParser\ModelQuery.csproj", "{3E83A6EA-F91A-4E18-AC19-E2A202077373}"
EndProject
Project("{FAE04EC0-301F-11D3-BF4B-00C04F79EFBC}") = "Attributes", "Attributes\Attributes.csproj", "{F7CE7CEC-AB93-4D14-B051-2EAFC256C3F4}"
EndProject
Project("{FAE04EC0-301F-11D3-BF4B-00C04F79EFBC}") = "DBServer", "DBServer\DBServer.csproj", "{BF80F4A1-6D2F-4B45-9640-EDA8DE4CF3A4}"
EndProject
Global
	GlobalSection(SolutionConfigurationPlatforms) = preSolution
		Debug|Any CPU = Debug|Any CPU
		Release|Any CPU = Release|Any CPU
	EndGlobalSection
	GlobalSection(ProjectConfigurationPlatforms) = postSolution
		{B05F6B85-C7C7-4FDA-8357-F9F92BC4E0A4}.Debug|Any CPU.ActiveCfg = Debug|Any CPU
		{B05F6B85-C7C7-4FDA-8357-F9F92BC4E0A4}.Debug|Any CPU.Build.0 = Debug|Any CPU
		{B05F6B85-C7C7-4FDA-8357-F9F92BC4E0A4}.Release|Any CPU.ActiveCfg = Release|Any CPU
		{B05F6B85-C7C7-4FDA-8357-F9F92BC4E0A4}.Release|Any CPU.Build.0 = Release|Any CPU
		{093E95CE-A157-460C-A23C-66DA785F43C9}.Debug|Any CPU.ActiveCfg = Debug|Any CPU
		{093E95CE-A157-460C-A23C-66DA785F43C9}.Debug|Any CPU.Build.0 = Debug|Any CPU
		{093E95CE-A157-460C-A23C-66DA785F43C9}.Release|Any CPU.ActiveCfg = Release|Any CPU
		{093E95CE-A157-460C-A23C-66DA785F43C9}.Release|Any CPU.Build.0 = Release|Any CPU
		{4A6AF4EC-CF42-48DD-8A64-7706496AAB47}.Debug|Any CPU.ActiveCfg = Debug|Any CPU
		{4A6AF4EC-CF42-48DD-8A64-7706496AAB47}.Debug|Any CPU.Build.0 = Debug|Any CPU
		{4A6AF4EC-CF42-48DD-8A64-7706496AAB47}.Release|Any CPU.ActiveCfg = Release|Any CPU
		{4A6AF4EC-CF42-48DD-8A64-7706496AAB47}.Release|Any CPU.Build.0 = Release|Any CPU
		{A701FAAC-54CD-40EE-AEDA-46C17A2FD462}.Debug|Any CPU.ActiveCfg = Debug|Any CPU
		{A701FAAC-54CD-40EE-AEDA-46C17A2FD462}.Debug|Any CPU.Build.0 = Debug|Any CPU
		{A701FAAC-54CD-40EE-AEDA-46C17A2FD462}.Release|Any CPU.ActiveCfg = Release|Any CPU
		{A701FAAC-54CD-40EE-AEDA-46C17A2FD462}.Release|Any CPU.Build.0 = Release|Any CPU
		{90D67FE8-537B-4C1D-AF69-8285595E5BAC}.Debug|Any CPU.ActiveCfg = Debug|Any CPU
		{90D67FE8-537B-4C1D-AF69-8285595E5BAC}.Debug|Any CPU.Build.0 = Debug|Any CPU
		{90D67FE8-537B-4C1D-AF69-8285595E5BAC}.Release|Any CPU.ActiveCfg = Release|Any CPU
		{90D67FE8-537B-4C1D-AF69-8285595E5BAC}.Release|Any CPU.Build.0 = Release|Any CPU
		{656EB215-F52A-4182-B026-768856B9506A}.Debug|Any CPU.ActiveCfg = Debug|Any CPU
		{656EB215-F52A-4182-B026-768856B9506A}.Debug|Any CPU.Build.0 = Debug|Any CPU
		{656EB215-F52A-4182-B026-768856B9506A}.Release|Any CPU.ActiveCfg = Release|Any CPU
		{656EB215-F52A-4182-B026-768856B9506A}.Release|Any CPU.Build.0 = Release|Any CPU
		{3E83A6EA-F91A-4E18-AC19-E2A202077373}.Debug|Any CPU.ActiveCfg = Debug|Any CPU
		{3E83A6EA-F91A-4E18-AC19-E2A202077373}.Debug|Any CPU.Build.0 = Debug|Any CPU
		{3E83A6EA-F91A-4E18-AC19-E2A202077373}.Release|Any CPU.ActiveCfg = Release|Any CPU
		{3E83A6EA-F91A-4E18-AC19-E2A202077373}.Release|Any CPU.Build.0 = Release|Any CPU
		{F7CE7CEC-AB93-4D14-B051-2EAFC256C3F4}.Debug|Any CPU.ActiveCfg = Debug|Any CPU
		{F7CE7CEC-AB93-4D14-B051-2EAFC256C3F4}.Debug|Any CPU.Build.0 = Debug|Any CPU
		{F7CE7CEC-AB93-4D14-B051-2EAFC256C3F4}.Release|Any CPU.ActiveCfg = Release|Any CPU
		{F7CE7CEC-AB93-4D14-B051-2EAFC256C3F4}.Release|Any CPU.Build.0 = Release|Any CPU
		{BF80F4A1-6D2F-4B45-9640-EDA8DE4CF3A4}.Debug|Any CPU.ActiveCfg = Debug|Any CPU
		{BF80F4A1-6D2F-4B45-9640-EDA8DE4CF3A4}.Debug|Any CPU.Build.0 = Debug|Any CPU
		{BF80F4A1-6D2F-4B45-9640-EDA8DE4CF3A4}.Release|Any CPU.ActiveCfg = Release|Any CPU
		{BF80F4A1-6D2F-4B45-9640-EDA8DE4CF3A4}.Release|Any CPU.Build.0 = Release|Any CPU
	EndGlobalSection
	GlobalSection(SolutionProperties) = preSolution
		HideSolutionNode = FALSE
	EndGlobalSection
EndGlobal
